
Microsoft Visual Studio Solution File, Format Version 12.00
# Visual Studio Version 16
VisualStudioVersion = 16.0.30907.101
MinimumVisualStudioVersion = 10.0.40219.1
Project("{9A19103F-16F7-4668-BE54-9A1E7A4F7556}") = "GreenCoinService", "GreenCoinService\GreenCoinService.csproj", "{853371B9-E983-441F-A1CD-6AD8A23EA503}"
EndProject
Project("{9A19103F-16F7-4668-BE54-9A1E7A4F7556}") = "GreenCoinService.DataContracts", "GreenCoinService.DataContracts\GreenCoinService.DataContracts.csproj", "{F69A05C1-469E-4D80-B285-E9F395C736D2}"
EndProject
Project("{9A19103F-16F7-4668-BE54-9A1E7A4F7556}") = "GreenCoinService.Migrations", "GreenCoinService.Migrations\GreenCoinService.Migrations.csproj", "{521ABC44-BE8F-4557-BB9C-268ED51BC96E}"
EndProject
Global
	GlobalSection(SolutionConfigurationPlatforms) = preSolution
		Debug|Any CPU = Debug|Any CPU
		Release|Any CPU = Release|Any CPU
	EndGlobalSection
	GlobalSection(ProjectConfigurationPlatforms) = postSolution
		{853371B9-E983-441F-A1CD-6AD8A23EA503}.Debug|Any CPU.ActiveCfg = Debug|Any CPU
		{853371B9-E983-441F-A1CD-6AD8A23EA503}.Debug|Any CPU.Build.0 = Debug|Any CPU
		{853371B9-E983-441F-A1CD-6AD8A23EA503}.Release|Any CPU.ActiveCfg = Release|Any CPU
		{853371B9-E983-441F-A1CD-6AD8A23EA503}.Release|Any CPU.Build.0 = Release|Any CPU
		{F69A05C1-469E-4D80-B285-E9F395C736D2}.Debug|Any CPU.ActiveCfg = Debug|Any CPU
		{F69A05C1-469E-4D80-B285-E9F395C736D2}.Debug|Any CPU.Build.0 = Debug|Any CPU
		{F69A05C1-469E-4D80-B285-E9F395C736D2}.Release|Any CPU.ActiveCfg = Release|Any CPU
		{F69A05C1-469E-4D80-B285-E9F395C736D2}.Release|Any CPU.Build.0 = Release|Any CPU
		{521ABC44-BE8F-4557-BB9C-268ED51BC96E}.Debug|Any CPU.ActiveCfg = Debug|Any CPU
		{521ABC44-BE8F-4557-BB9C-268ED51BC96E}.Debug|Any CPU.Build.0 = Debug|Any CPU
		{521ABC44-BE8F-4557-BB9C-268ED51BC96E}.Release|Any CPU.ActiveCfg = Release|Any CPU
		{521ABC44-BE8F-4557-BB9C-268ED51BC96E}.Release|Any CPU.Build.0 = Release|Any CPU
	EndGlobalSection
	GlobalSection(SolutionProperties) = preSolution
		HideSolutionNode = FALSE
	EndGlobalSection
	GlobalSection(ExtensibilityGlobals) = postSolution
		SolutionGuid = {D4FB3191-9199-4CDA-AC9E-B149BB9F8613}
	EndGlobalSection
EndGlobal
